
Microsoft Visual Studio Solution File, Format Version 12.00
# Visual Studio Version 16
VisualStudioVersion = 16.0.32126.315
MinimumVisualStudioVersion = 10.0.40219.1
Project("{FAE04EC0-301F-11D3-BF4B-00C04F79EFBC}") = "AbstractClassSubmissionAssignment", "AbstractClassSubmissionAssignment\AbstractClassSubmissionAssignment.csproj", "{8AD510C6-3868-4373-B721-D862D7C09CF1}"
EndProject
Global
	GlobalSection(SolutionConfigurationPlatforms) = preSolution
		Debug|Any CPU = Debug|Any CPU
		Release|Any CPU = Release|Any CPU
	EndGlobalSection
	GlobalSection(ProjectConfigurationPlatforms) = postSolution
		{8AD510C6-3868-4373-B721-D862D7C09CF1}.Debug|Any CPU.ActiveCfg = Debug|Any CPU
		{8AD510C6-3868-4373-B721-D862D7C09CF1}.Debug|Any CPU.Build.0 = Debug|Any CPU
		{8AD510C6-3868-4373-B721-D862D7C09CF1}.Release|Any CPU.ActiveCfg = Release|Any CPU
		{8AD510C6-3868-4373-B721-D862D7C09CF1}.Release|Any CPU.Build.0 = Release|Any CPU
	EndGlobalSection
	GlobalSection(SolutionProperties) = preSolution
		HideSolutionNode = FALSE
	EndGlobalSection
	GlobalSection(ExtensibilityGlobals) = postSolution
		SolutionGuid = {AE843C58-4BDB-4F0F-8A25-979764EEDFE1}
	EndGlobalSection
EndGlobal
