
Microsoft Visual Studio Solution File, Format Version 12.00
# Visual Studio Version 16
VisualStudioVersion = 16.0.32126.315
MinimumVisualStudioVersion = 10.0.40219.1
Project("{FAE04EC0-301F-11D3-BF4B-00C04F79EFBC}") = "ConstructorSubmissionAssignment", "ConstructorSubmissionAssignment\ConstructorSubmissionAssignment.csproj", "{BED5BCA1-B15D-4D40-A2F9-B52B6B489DBC}"
EndProject
Global
	GlobalSection(SolutionConfigurationPlatforms) = preSolution
		Debug|Any CPU = Debug|Any CPU
		Release|Any CPU = Release|Any CPU
	EndGlobalSection
	GlobalSection(ProjectConfigurationPlatforms) = postSolution
		{BED5BCA1-B15D-4D40-A2F9-B52B6B489DBC}.Debug|Any CPU.ActiveCfg = Debug|Any CPU
		{BED5BCA1-B15D-4D40-A2F9-B52B6B489DBC}.Debug|Any CPU.Build.0 = Debug|Any CPU
		{BED5BCA1-B15D-4D40-A2F9-B52B6B489DBC}.Release|Any CPU.ActiveCfg = Release|Any CPU
		{BED5BCA1-B15D-4D40-A2F9-B52B6B489DBC}.Release|Any CPU.Build.0 = Release|Any CPU
	EndGlobalSection
	GlobalSection(SolutionProperties) = preSolution
		HideSolutionNode = FALSE
	EndGlobalSection
	GlobalSection(ExtensibilityGlobals) = postSolution
		SolutionGuid = {F70CD6BD-CB40-43BF-B243-2E7E4F960C20}
	EndGlobalSection
EndGlobal
