
Microsoft Visual Studio Solution File, Format Version 12.00
# Visual Studio Version 16
VisualStudioVersion = 16.0.32126.315
MinimumVisualStudioVersion = 10.0.40219.1
Project("{FAE04EC0-301F-11D3-BF4B-00C04F79EFBC}") = "DateTimeSubmissionAssignment", "DateTimeSubmissionAssignment\DateTimeSubmissionAssignment.csproj", "{123092D1-6461-4123-A44E-F7F8A78C0D9F}"
EndProject
Global
	GlobalSection(SolutionConfigurationPlatforms) = preSolution
		Debug|Any CPU = Debug|Any CPU
		Release|Any CPU = Release|Any CPU
	EndGlobalSection
	GlobalSection(ProjectConfigurationPlatforms) = postSolution
		{123092D1-6461-4123-A44E-F7F8A78C0D9F}.Debug|Any CPU.ActiveCfg = Debug|Any CPU
		{123092D1-6461-4123-A44E-F7F8A78C0D9F}.Debug|Any CPU.Build.0 = Debug|Any CPU
		{123092D1-6461-4123-A44E-F7F8A78C0D9F}.Release|Any CPU.ActiveCfg = Release|Any CPU
		{123092D1-6461-4123-A44E-F7F8A78C0D9F}.Release|Any CPU.Build.0 = Release|Any CPU
	EndGlobalSection
	GlobalSection(SolutionProperties) = preSolution
		HideSolutionNode = FALSE
	EndGlobalSection
	GlobalSection(ExtensibilityGlobals) = postSolution
		SolutionGuid = {5DA998A8-75E0-4115-8418-A78C4D0B5585}
	EndGlobalSection
EndGlobal
