
Microsoft Visual Studio Solution File, Format Version 12.00
# Visual Studio Version 16
VisualStudioVersion = 16.0.32228.343
MinimumVisualStudioVersion = 10.0.40219.1
Project("{FAE04EC0-301F-11D3-BF4B-00C04F79EFBC}") = "ChallengeSubmissionAssignment", "ChallengeSubmissionAssignment\ChallengeSubmissionAssignment.csproj", "{8C521AEB-6DE4-4299-9247-F9BC559B98AA}"
EndProject
Global
	GlobalSection(SolutionConfigurationPlatforms) = preSolution
		Debug|Any CPU = Debug|Any CPU
		Release|Any CPU = Release|Any CPU
	EndGlobalSection
	GlobalSection(ProjectConfigurationPlatforms) = postSolution
		{8C521AEB-6DE4-4299-9247-F9BC559B98AA}.Debug|Any CPU.ActiveCfg = Debug|Any CPU
		{8C521AEB-6DE4-4299-9247-F9BC559B98AA}.Debug|Any CPU.Build.0 = Debug|Any CPU
		{8C521AEB-6DE4-4299-9247-F9BC559B98AA}.Release|Any CPU.ActiveCfg = Release|Any CPU
		{8C521AEB-6DE4-4299-9247-F9BC559B98AA}.Release|Any CPU.Build.0 = Release|Any CPU
	EndGlobalSection
	GlobalSection(SolutionProperties) = preSolution
		HideSolutionNode = FALSE
	EndGlobalSection
	GlobalSection(ExtensibilityGlobals) = postSolution
		SolutionGuid = {7A15B3B1-5236-4E81-AAE7-358BAEEFF192}
	EndGlobalSection
EndGlobal
