
Microsoft Visual Studio Solution File, Format Version 12.00
# Visual Studio Version 16
VisualStudioVersion = 16.0.32126.315
MinimumVisualStudioVersion = 10.0.40219.1
Project("{FAE04EC0-301F-11D3-BF4B-00C04F79EFBC}") = "TechAcadStudentsMVC", "TechAcadStudentsMVC\TechAcadStudentsMVC.csproj", "{DBED1CF5-B981-48A4-A548-022CD4FBEC25}"
EndProject
Global
	GlobalSection(SolutionConfigurationPlatforms) = preSolution
		Debug|Any CPU = Debug|Any CPU
		Release|Any CPU = Release|Any CPU
	EndGlobalSection
	GlobalSection(ProjectConfigurationPlatforms) = postSolution
		{DBED1CF5-B981-48A4-A548-022CD4FBEC25}.Debug|Any CPU.ActiveCfg = Debug|Any CPU
		{DBED1CF5-B981-48A4-A548-022CD4FBEC25}.Debug|Any CPU.Build.0 = Debug|Any CPU
		{DBED1CF5-B981-48A4-A548-022CD4FBEC25}.Release|Any CPU.ActiveCfg = Release|Any CPU
		{DBED1CF5-B981-48A4-A548-022CD4FBEC25}.Release|Any CPU.Build.0 = Release|Any CPU
	EndGlobalSection
	GlobalSection(SolutionProperties) = preSolution
		HideSolutionNode = FALSE
	EndGlobalSection
	GlobalSection(ExtensibilityGlobals) = postSolution
		SolutionGuid = {FE273252-7B27-4231-8F23-FD59041AC843}
	EndGlobalSection
EndGlobal
