
Microsoft Visual Studio Solution File, Format Version 12.00
# Visual Studio Version 16
VisualStudioVersion = 16.0.32126.315
MinimumVisualStudioVersion = 10.0.40219.1
Project("{FAE04EC0-301F-11D3-BF4B-00C04F79EFBC}") = "ConditionalStatementsChallenge", "ConditionalStatementsChallenge\ConditionalStatementsChallenge.csproj", "{4947A224-1CEA-48A7-8249-3F4DA9A0F045}"
EndProject
Global
	GlobalSection(SolutionConfigurationPlatforms) = preSolution
		Debug|Any CPU = Debug|Any CPU
		Release|Any CPU = Release|Any CPU
	EndGlobalSection
	GlobalSection(ProjectConfigurationPlatforms) = postSolution
		{4947A224-1CEA-48A7-8249-3F4DA9A0F045}.Debug|Any CPU.ActiveCfg = Debug|Any CPU
		{4947A224-1CEA-48A7-8249-3F4DA9A0F045}.Debug|Any CPU.Build.0 = Debug|Any CPU
		{4947A224-1CEA-48A7-8249-3F4DA9A0F045}.Release|Any CPU.ActiveCfg = Release|Any CPU
		{4947A224-1CEA-48A7-8249-3F4DA9A0F045}.Release|Any CPU.Build.0 = Release|Any CPU
	EndGlobalSection
	GlobalSection(SolutionProperties) = preSolution
		HideSolutionNode = FALSE
	EndGlobalSection
	GlobalSection(ExtensibilityGlobals) = postSolution
		SolutionGuid = {8C6E7641-7269-41E9-B069-7DB1B5D05C77}
	EndGlobalSection
EndGlobal
